
Microsoft Visual Studio Solution File, Format Version 12.00
# Visual Studio Version 16
VisualStudioVersion = 16.0.30907.101
MinimumVisualStudioVersion = 10.0.40219.1
Project("{2150E333-8FDC-42A3-9474-1A3956D46DE8}") = "src", "src", "{B570F526-B47F-4F8D-A029-508EADA23CDE}"
EndProject
Project("{2150E333-8FDC-42A3-9474-1A3956D46DE8}") = "Host", "Host", "{44C811B3-62B0-4931-8497-BA17B8EBBF5D}"
EndProject
Project("{2150E333-8FDC-42A3-9474-1A3956D46DE8}") = "Client", "Client", "{894E002C-5A20-465E-AE34-77A8775CF860}"
EndProject
Project("{2150E333-8FDC-42A3-9474-1A3956D46DE8}") = "Server", "Server", "{EDAEAB2B-1676-4EC6-8754-A18FC52ED8A6}"
EndProject
Project("{2150E333-8FDC-42A3-9474-1A3956D46DE8}") = "test", "test", "{A86FC990-E1E1-4C81-9509-381187BECFDB}"
EndProject
Project("{FAE04EC0-301F-11D3-BF4B-00C04F79EFBC}") = "ahedfi.SweetCrm.BlazorServerSide", "ahedfi.SweetCrm.BlazorServerSide\ahedfi.SweetCrm.BlazorServerSide.csproj", "{1F766FF6-0796-498A-A49D-69333C39D85A}"
EndProject
Project("{FAE04EC0-301F-11D3-BF4B-00C04F79EFBC}") = "ahedfi.SweetCrm.Blazor.Modules", "ahedfi.SweetCrm.Blazor.Modules\ahedfi.SweetCrm.Blazor.Modules.csproj", "{1EC6F7ED-D0B8-4484-8C1F-15940207F791}"
EndProject
Project("{FAE04EC0-301F-11D3-BF4B-00C04F79EFBC}") = "ahedfi.SweetCrm.ServiceHost", "ahedfi.SweetCrm.ServiceHost\ahedfi.SweetCrm.ServiceHost.csproj", "{18CA5EDA-7E53-4111-9103-C9A2F1D1A65C}"
EndProject
Project("{2150E333-8FDC-42A3-9474-1A3956D46DE8}") = "Modules", "Modules", "{B28B3C05-7971-44DC-AF86-6824F7432A91}"
EndProject
Project("{2150E333-8FDC-42A3-9474-1A3956D46DE8}") = "Common", "Common", "{FCAB6F0F-3310-4BEE-B03E-1AD858D2E769}"
EndProject
Project("{FAE04EC0-301F-11D3-BF4B-00C04F79EFBC}") = "ahedfi.SweetCrm.Common", "ahedfi.SweetCrm.Common\ahedfi.SweetCrm.Common.csproj", "{2CC8DAF5-A19D-441E-9C25-03D82BAD914D}"
EndProject
Project("{2150E333-8FDC-42A3-9474-1A3956D46DE8}") = "Api", "Api", "{2EAE3F62-7AD7-4330-A8BD-82ED79898E2C}"
EndProject
Project("{2150E333-8FDC-42A3-9474-1A3956D46DE8}") = "ApplicationCore", "ApplicationCore", "{2BC10CC4-63E7-4E71-BEFC-D4BD697FCF23}"
EndProject
Project("{2150E333-8FDC-42A3-9474-1A3956D46DE8}") = "Infrastructure", "Infrastructure", "{C04A4656-4E94-42BF-BF74-014922B2A772}"
EndProject
Project("{2150E333-8FDC-42A3-9474-1A3956D46DE8}") = "Job", "Job", "{34F72CFE-8FDA-4879-947A-11EACA563E24}"
EndProject
Project("{FAE04EC0-301F-11D3-BF4B-00C04F79EFBC}") = "ahedfi.SweetCrm.Common.Job", "ahedfi.SweetCrm.Common.Job\ahedfi.SweetCrm.Common.Job.csproj", "{B2F9E624-89AD-444E-9244-788776DEB15B}"
EndProject
Project("{FAE04EC0-301F-11D3-BF4B-00C04F79EFBC}") = "ahedfi.SweetCrm.Common.Persistance.Data", "ahedfi.SweetCrm.Common.Persistance.Data\ahedfi.SweetCrm.Common.Persistance.Data.csproj", "{A4A76BA7-AB17-478F-9D97-A50791DFBDC2}"
EndProject
Project("{FAE04EC0-301F-11D3-BF4B-00C04F79EFBC}") = "ahedfi.SweetCrm.Common.Persistance.Identity", "ahedfi.SweetCrm.Common.Persistance.Identity\ahedfi.SweetCrm.Common.Persistance.Identity.csproj", "{BCBDB701-967B-49FA-B62B-FB92E06255B1}"
EndProject
Project("{FAE04EC0-301F-11D3-BF4B-00C04F79EFBC}") = "ahedfi.SweetCrm.Common.DomainModel", "ahedfi.SweetCrm.Common.DomainModel\ahedfi.SweetCrm.Common.DomainModel.csproj", "{339EC1FE-ADA4-479C-AFB4-47F4E9B96008}"
EndProject
Project("{FAE04EC0-301F-11D3-BF4B-00C04F79EFBC}") = "ahedfi.SweetCrm.Common.DomainService", "ahedfi.SweetCrm.Common.DomainService\ahedfi.SweetCrm.Common.DomainService.csproj", "{F8B826E1-6F62-4559-B07A-63692E6FB547}"
EndProject
Project("{FAE04EC0-301F-11D3-BF4B-00C04F79EFBC}") = "ahedfi.SweetCrm.Common.ApplicationService", "ahedfi.SweetCrm.Common.ApplicationService\ahedfi.SweetCrm.Common.ApplicationService.csproj", "{60CDE3B2-FA39-4084-9A8E-2317C0ED0E94}"
EndProject
Project("{FAE04EC0-301F-11D3-BF4B-00C04F79EFBC}") = "ahedfi.SweetCrm.Common.ApplicationService.Contracts", "ahedfi.SweetCrm.Common.ApplicationService.Contracts\ahedfi.SweetCrm.Common.ApplicationService.Contracts.csproj", "{12E888EF-CD5C-4347-82ED-9B262F7C2F52}"
EndProject
Project("{FAE04EC0-301F-11D3-BF4B-00C04F79EFBC}") = "ahedfi.SweetCrm.Common.WebApi", "ahedfi.SweetCrm.Common.WebApi\ahedfi.SweetCrm.Common.WebApi.csproj", "{F9DAB709-5F6A-47E2-947E-2C7A95CED069}"
EndProject
Project("{FAE04EC0-301F-11D3-BF4B-00C04F79EFBC}") = "ahedfi.SweetCrm.Common.UT", "ahedfi.SweetCrm.Common.UT\ahedfi.SweetCrm.Common.UT.csproj", "{F0CC6842-BE33-47CA-B4C5-5A3080BDBA94}"
EndProject
Project("{FAE04EC0-301F-11D3-BF4B-00C04F79EFBC}") = "ahedfi.SweetCrm.Common.IT", "ahedfi.SweetCrm.Common.IT\ahedfi.SweetCrm.Common.IT.csproj", "{75B5A31F-F968-48DC-BAD6-6249AFC8FB14}"
EndProject
Project("{FAE04EC0-301F-11D3-BF4B-00C04F79EFBC}") = "ahedfi.SweetCrm.Common.FT", "ahedfi.SweetCrm.Common.FT\ahedfi.SweetCrm.Common.FT.csproj", "{AC6C6A4E-AC46-4AA6-8CE0-3DE9A5FA32F0}"
EndProject
Global
	GlobalSection(SolutionConfigurationPlatforms) = preSolution
		Debug|Any CPU = Debug|Any CPU
		Release|Any CPU = Release|Any CPU
	EndGlobalSection
	GlobalSection(ProjectConfigurationPlatforms) = postSolution
		{1F766FF6-0796-498A-A49D-69333C39D85A}.Debug|Any CPU.ActiveCfg = Debug|Any CPU
		{1F766FF6-0796-498A-A49D-69333C39D85A}.Debug|Any CPU.Build.0 = Debug|Any CPU
		{1F766FF6-0796-498A-A49D-69333C39D85A}.Release|Any CPU.ActiveCfg = Release|Any CPU
		{1F766FF6-0796-498A-A49D-69333C39D85A}.Release|Any CPU.Build.0 = Release|Any CPU
		{1EC6F7ED-D0B8-4484-8C1F-15940207F791}.Debug|Any CPU.ActiveCfg = Debug|Any CPU
		{1EC6F7ED-D0B8-4484-8C1F-15940207F791}.Debug|Any CPU.Build.0 = Debug|Any CPU
		{1EC6F7ED-D0B8-4484-8C1F-15940207F791}.Release|Any CPU.ActiveCfg = Release|Any CPU
		{1EC6F7ED-D0B8-4484-8C1F-15940207F791}.Release|Any CPU.Build.0 = Release|Any CPU
		{18CA5EDA-7E53-4111-9103-C9A2F1D1A65C}.Debug|Any CPU.ActiveCfg = Debug|Any CPU
		{18CA5EDA-7E53-4111-9103-C9A2F1D1A65C}.Debug|Any CPU.Build.0 = Debug|Any CPU
		{18CA5EDA-7E53-4111-9103-C9A2F1D1A65C}.Release|Any CPU.ActiveCfg = Release|Any CPU
		{18CA5EDA-7E53-4111-9103-C9A2F1D1A65C}.Release|Any CPU.Build.0 = Release|Any CPU
		{2CC8DAF5-A19D-441E-9C25-03D82BAD914D}.Debug|Any CPU.ActiveCfg = Debug|Any CPU
		{2CC8DAF5-A19D-441E-9C25-03D82BAD914D}.Debug|Any CPU.Build.0 = Debug|Any CPU
		{2CC8DAF5-A19D-441E-9C25-03D82BAD914D}.Release|Any CPU.ActiveCfg = Release|Any CPU
		{2CC8DAF5-A19D-441E-9C25-03D82BAD914D}.Release|Any CPU.Build.0 = Release|Any CPU
		{B2F9E624-89AD-444E-9244-788776DEB15B}.Debug|Any CPU.ActiveCfg = Debug|Any CPU
		{B2F9E624-89AD-444E-9244-788776DEB15B}.Debug|Any CPU.Build.0 = Debug|Any CPU
		{B2F9E624-89AD-444E-9244-788776DEB15B}.Release|Any CPU.ActiveCfg = Release|Any CPU
		{B2F9E624-89AD-444E-9244-788776DEB15B}.Release|Any CPU.Build.0 = Release|Any CPU
		{A4A76BA7-AB17-478F-9D97-A50791DFBDC2}.Debug|Any CPU.ActiveCfg = Debug|Any CPU
		{A4A76BA7-AB17-478F-9D97-A50791DFBDC2}.Debug|Any CPU.Build.0 = Debug|Any CPU
		{A4A76BA7-AB17-478F-9D97-A50791DFBDC2}.Release|Any CPU.ActiveCfg = Release|Any CPU
		{A4A76BA7-AB17-478F-9D97-A50791DFBDC2}.Release|Any CPU.Build.0 = Release|Any CPU
		{BCBDB701-967B-49FA-B62B-FB92E06255B1}.Debug|Any CPU.ActiveCfg = Debug|Any CPU
		{BCBDB701-967B-49FA-B62B-FB92E06255B1}.Debug|Any CPU.Build.0 = Debug|Any CPU
		{BCBDB701-967B-49FA-B62B-FB92E06255B1}.Release|Any CPU.ActiveCfg = Release|Any CPU
		{BCBDB701-967B-49FA-B62B-FB92E06255B1}.Release|Any CPU.Build.0 = Release|Any CPU
		{339EC1FE-ADA4-479C-AFB4-47F4E9B96008}.Debug|Any CPU.ActiveCfg = Debug|Any CPU
		{339EC1FE-ADA4-479C-AFB4-47F4E9B96008}.Debug|Any CPU.Build.0 = Debug|Any CPU
		{339EC1FE-ADA4-479C-AFB4-47F4E9B96008}.Release|Any CPU.ActiveCfg = Release|Any CPU
		{339EC1FE-ADA4-479C-AFB4-47F4E9B96008}.Release|Any CPU.Build.0 = Release|Any CPU
		{F8B826E1-6F62-4559-B07A-63692E6FB547}.Debug|Any CPU.ActiveCfg = Debug|Any CPU
		{F8B826E1-6F62-4559-B07A-63692E6FB547}.Debug|Any CPU.Build.0 = Debug|Any CPU
		{F8B826E1-6F62-4559-B07A-63692E6FB547}.Release|Any CPU.ActiveCfg = Release|Any CPU
		{F8B826E1-6F62-4559-B07A-63692E6FB547}.Release|Any CPU.Build.0 = Release|Any CPU
		{60CDE3B2-FA39-4084-9A8E-2317C0ED0E94}.Debug|Any CPU.ActiveCfg = Debug|Any CPU
		{60CDE3B2-FA39-4084-9A8E-2317C0ED0E94}.Debug|Any CPU.Build.0 = Debug|Any CPU
		{60CDE3B2-FA39-4084-9A8E-2317C0ED0E94}.Release|Any CPU.ActiveCfg = Release|Any CPU
		{60CDE3B2-FA39-4084-9A8E-2317C0ED0E94}.Release|Any CPU.Build.0 = Release|Any CPU
		{12E888EF-CD5C-4347-82ED-9B262F7C2F52}.Debug|Any CPU.ActiveCfg = Debug|Any CPU
		{12E888EF-CD5C-4347-82ED-9B262F7C2F52}.Debug|Any CPU.Build.0 = Debug|Any CPU
		{12E888EF-CD5C-4347-82ED-9B262F7C2F52}.Release|Any CPU.ActiveCfg = Release|Any CPU
		{12E888EF-CD5C-4347-82ED-9B262F7C2F52}.Release|Any CPU.Build.0 = Release|Any CPU
		{F9DAB709-5F6A-47E2-947E-2C7A95CED069}.Debug|Any CPU.ActiveCfg = Debug|Any CPU
		{F9DAB709-5F6A-47E2-947E-2C7A95CED069}.Debug|Any CPU.Build.0 = Debug|Any CPU
		{F9DAB709-5F6A-47E2-947E-2C7A95CED069}.Release|Any CPU.ActiveCfg = Release|Any CPU
		{F9DAB709-5F6A-47E2-947E-2C7A95CED069}.Release|Any CPU.Build.0 = Release|Any CPU
		{F0CC6842-BE33-47CA-B4C5-5A3080BDBA94}.Debug|Any CPU.ActiveCfg = Debug|Any CPU
		{F0CC6842-BE33-47CA-B4C5-5A3080BDBA94}.Debug|Any CPU.Build.0 = Debug|Any CPU
		{F0CC6842-BE33-47CA-B4C5-5A3080BDBA94}.Release|Any CPU.ActiveCfg = Release|Any CPU
		{F0CC6842-BE33-47CA-B4C5-5A3080BDBA94}.Release|Any CPU.Build.0 = Release|Any CPU
		{75B5A31F-F968-48DC-BAD6-6249AFC8FB14}.Debug|Any CPU.ActiveCfg = Debug|Any CPU
		{75B5A31F-F968-48DC-BAD6-6249AFC8FB14}.Debug|Any CPU.Build.0 = Debug|Any CPU
		{75B5A31F-F968-48DC-BAD6-6249AFC8FB14}.Release|Any CPU.ActiveCfg = Release|Any CPU
		{75B5A31F-F968-48DC-BAD6-6249AFC8FB14}.Release|Any CPU.Build.0 = Release|Any CPU
		{AC6C6A4E-AC46-4AA6-8CE0-3DE9A5FA32F0}.Debug|Any CPU.ActiveCfg = Debug|Any CPU
		{AC6C6A4E-AC46-4AA6-8CE0-3DE9A5FA32F0}.Debug|Any CPU.Build.0 = Debug|Any CPU
		{AC6C6A4E-AC46-4AA6-8CE0-3DE9A5FA32F0}.Release|Any CPU.ActiveCfg = Release|Any CPU
		{AC6C6A4E-AC46-4AA6-8CE0-3DE9A5FA32F0}.Release|Any CPU.Build.0 = Release|Any CPU
	EndGlobalSection
	GlobalSection(SolutionProperties) = preSolution
		HideSolutionNode = FALSE
	EndGlobalSection
	GlobalSection(NestedProjects) = preSolution
		{44C811B3-62B0-4931-8497-BA17B8EBBF5D} = {B570F526-B47F-4F8D-A029-508EADA23CDE}
		{894E002C-5A20-465E-AE34-77A8775CF860} = {B570F526-B47F-4F8D-A029-508EADA23CDE}
		{EDAEAB2B-1676-4EC6-8754-A18FC52ED8A6} = {B570F526-B47F-4F8D-A029-508EADA23CDE}
		{1F766FF6-0796-498A-A49D-69333C39D85A} = {894E002C-5A20-465E-AE34-77A8775CF860}
		{1EC6F7ED-D0B8-4484-8C1F-15940207F791} = {894E002C-5A20-465E-AE34-77A8775CF860}
		{18CA5EDA-7E53-4111-9103-C9A2F1D1A65C} = {44C811B3-62B0-4931-8497-BA17B8EBBF5D}
		{B28B3C05-7971-44DC-AF86-6824F7432A91} = {EDAEAB2B-1676-4EC6-8754-A18FC52ED8A6}
		{FCAB6F0F-3310-4BEE-B03E-1AD858D2E769} = {B28B3C05-7971-44DC-AF86-6824F7432A91}
		{2CC8DAF5-A19D-441E-9C25-03D82BAD914D} = {FCAB6F0F-3310-4BEE-B03E-1AD858D2E769}
		{2EAE3F62-7AD7-4330-A8BD-82ED79898E2C} = {FCAB6F0F-3310-4BEE-B03E-1AD858D2E769}
		{2BC10CC4-63E7-4E71-BEFC-D4BD697FCF23} = {FCAB6F0F-3310-4BEE-B03E-1AD858D2E769}
		{C04A4656-4E94-42BF-BF74-014922B2A772} = {FCAB6F0F-3310-4BEE-B03E-1AD858D2E769}
		{34F72CFE-8FDA-4879-947A-11EACA563E24} = {FCAB6F0F-3310-4BEE-B03E-1AD858D2E769}
		{B2F9E624-89AD-444E-9244-788776DEB15B} = {34F72CFE-8FDA-4879-947A-11EACA563E24}
		{A4A76BA7-AB17-478F-9D97-A50791DFBDC2} = {C04A4656-4E94-42BF-BF74-014922B2A772}
		{BCBDB701-967B-49FA-B62B-FB92E06255B1} = {C04A4656-4E94-42BF-BF74-014922B2A772}
		{339EC1FE-ADA4-479C-AFB4-47F4E9B96008} = {2BC10CC4-63E7-4E71-BEFC-D4BD697FCF23}
		{F8B826E1-6F62-4559-B07A-63692E6FB547} = {2BC10CC4-63E7-4E71-BEFC-D4BD697FCF23}
		{60CDE3B2-FA39-4084-9A8E-2317C0ED0E94} = {2BC10CC4-63E7-4E71-BEFC-D4BD697FCF23}
		{12E888EF-CD5C-4347-82ED-9B262F7C2F52} = {2BC10CC4-63E7-4E71-BEFC-D4BD697FCF23}
		{F9DAB709-5F6A-47E2-947E-2C7A95CED069} = {2EAE3F62-7AD7-4330-A8BD-82ED79898E2C}
		{F0CC6842-BE33-47CA-B4C5-5A3080BDBA94} = {A86FC990-E1E1-4C81-9509-381187BECFDB}
		{75B5A31F-F968-48DC-BAD6-6249AFC8FB14} = {A86FC990-E1E1-4C81-9509-381187BECFDB}
		{AC6C6A4E-AC46-4AA6-8CE0-3DE9A5FA32F0} = {A86FC990-E1E1-4C81-9509-381187BECFDB}
	EndGlobalSection
	GlobalSection(ExtensibilityGlobals) = postSolution
		SolutionGuid = {733051CA-5749-4513-BB58-904C8742D0F7}
	EndGlobalSection
EndGlobal
